
Microsoft Visual Studio Solution File, Format Version 12.00
# Visual Studio Version 17
VisualStudioVersion = 17.3.32811.315
MinimumVisualStudioVersion = 10.0.40219.1
Project("{FAE04EC0-301F-11D3-BF4B-00C04F79EFBC}") = "Chu_FinalQ3", "Chu_FinalQ3.csproj", "{3DA99071-D533-4D32-8D17-06FD37F09441}"
EndProject
Global
	GlobalSection(SolutionConfigurationPlatforms) = preSolution
		Debug|Any CPU = Debug|Any CPU
		Release|Any CPU = Release|Any CPU
	EndGlobalSection
	GlobalSection(ProjectConfigurationPlatforms) = postSolution
		{3DA99071-D533-4D32-8D17-06FD37F09441}.Debug|Any CPU.ActiveCfg = Debug|Any CPU
		{3DA99071-D533-4D32-8D17-06FD37F09441}.Debug|Any CPU.Build.0 = Debug|Any CPU
		{3DA99071-D533-4D32-8D17-06FD37F09441}.Release|Any CPU.ActiveCfg = Release|Any CPU
		{3DA99071-D533-4D32-8D17-06FD37F09441}.Release|Any CPU.Build.0 = Release|Any CPU
	EndGlobalSection
	GlobalSection(SolutionProperties) = preSolution
		HideSolutionNode = FALSE
	EndGlobalSection
	GlobalSection(ExtensibilityGlobals) = postSolution
		SolutionGuid = {650BB189-DC1A-42B6-8E3C-A7152803D398}
	EndGlobalSection
EndGlobal
