
Microsoft Visual Studio Solution File, Format Version 12.00
# Visual Studio Version 17
VisualStudioVersion = 17.3.32811.315
MinimumVisualStudioVersion = 10.0.40219.1
Project("{FAE04EC0-301F-11D3-BF4B-00C04F79EFBC}") = "TriviaApp", "TriviaApp.csproj", "{AF066DE1-8B3F-4C2B-BA66-838BC93CE952}"
EndProject
Global
	GlobalSection(SolutionConfigurationPlatforms) = preSolution
		Debug|Any CPU = Debug|Any CPU
		Release|Any CPU = Release|Any CPU
	EndGlobalSection
	GlobalSection(ProjectConfigurationPlatforms) = postSolution
		{AF066DE1-8B3F-4C2B-BA66-838BC93CE952}.Debug|Any CPU.ActiveCfg = Debug|Any CPU
		{AF066DE1-8B3F-4C2B-BA66-838BC93CE952}.Debug|Any CPU.Build.0 = Debug|Any CPU
		{AF066DE1-8B3F-4C2B-BA66-838BC93CE952}.Release|Any CPU.ActiveCfg = Release|Any CPU
		{AF066DE1-8B3F-4C2B-BA66-838BC93CE952}.Release|Any CPU.Build.0 = Release|Any CPU
	EndGlobalSection
	GlobalSection(SolutionProperties) = preSolution
		HideSolutionNode = FALSE
	EndGlobalSection
	GlobalSection(ExtensibilityGlobals) = postSolution
		SolutionGuid = {4FE7B897-8F06-4ECC-866C-A7CDE1D35D8B}
	EndGlobalSection
EndGlobal
