
Microsoft Visual Studio Solution File, Format Version 12.00
# Visual Studio Version 17
VisualStudioVersion = 17.3.32811.315
MinimumVisualStudioVersion = 10.0.40219.1
Project("{FAE04EC0-301F-11D3-BF4B-00C04F79EFBC}") = "Chu_FinalQ2", "Chu_FinalQ2.csproj", "{61B0C6F8-8526-4CEE-9F56-78CE527468ED}"
EndProject
Global
	GlobalSection(SolutionConfigurationPlatforms) = preSolution
		Debug|Any CPU = Debug|Any CPU
		Release|Any CPU = Release|Any CPU
	EndGlobalSection
	GlobalSection(ProjectConfigurationPlatforms) = postSolution
		{61B0C6F8-8526-4CEE-9F56-78CE527468ED}.Debug|Any CPU.ActiveCfg = Debug|Any CPU
		{61B0C6F8-8526-4CEE-9F56-78CE527468ED}.Debug|Any CPU.Build.0 = Debug|Any CPU
		{61B0C6F8-8526-4CEE-9F56-78CE527468ED}.Release|Any CPU.ActiveCfg = Release|Any CPU
		{61B0C6F8-8526-4CEE-9F56-78CE527468ED}.Release|Any CPU.Build.0 = Release|Any CPU
	EndGlobalSection
	GlobalSection(SolutionProperties) = preSolution
		HideSolutionNode = FALSE
	EndGlobalSection
	GlobalSection(ExtensibilityGlobals) = postSolution
		SolutionGuid = {B69382DF-11A5-40C2-AD92-A9F85A4141F2}
	EndGlobalSection
EndGlobal
