
Microsoft Visual Studio Solution File, Format Version 12.00
# Visual Studio Version 17
VisualStudioVersion = 17.3.32811.315
MinimumVisualStudioVersion = 10.0.40219.1
Project("{FAE04EC0-301F-11D3-BF4B-00C04F79EFBC}") = "Chu_FinalQ4", "Chu_FinalQ4.csproj", "{74236B3E-58A6-446E-B874-83056B4353A1}"
EndProject
Global
	GlobalSection(SolutionConfigurationPlatforms) = preSolution
		Debug|Any CPU = Debug|Any CPU
		Release|Any CPU = Release|Any CPU
	EndGlobalSection
	GlobalSection(ProjectConfigurationPlatforms) = postSolution
		{74236B3E-58A6-446E-B874-83056B4353A1}.Debug|Any CPU.ActiveCfg = Debug|Any CPU
		{74236B3E-58A6-446E-B874-83056B4353A1}.Debug|Any CPU.Build.0 = Debug|Any CPU
		{74236B3E-58A6-446E-B874-83056B4353A1}.Release|Any CPU.ActiveCfg = Release|Any CPU
		{74236B3E-58A6-446E-B874-83056B4353A1}.Release|Any CPU.Build.0 = Release|Any CPU
	EndGlobalSection
	GlobalSection(SolutionProperties) = preSolution
		HideSolutionNode = FALSE
	EndGlobalSection
	GlobalSection(ExtensibilityGlobals) = postSolution
		SolutionGuid = {02060EA2-87FC-4F6A-BEB2-184606AFB2DB}
	EndGlobalSection
EndGlobal
