
Microsoft Visual Studio Solution File, Format Version 12.00
# Visual Studio Version 17
VisualStudioVersion = 17.3.32811.315
MinimumVisualStudioVersion = 10.0.40219.1
Project("{FAE04EC0-301F-11D3-BF4B-00C04F79EFBC}") = "Chu_UT1_MathRoundDelegate", "Chu_UT1_MathRoundDelegate.csproj", "{B0CB6F85-4B53-42C0-B4B5-12AC6347FD21}"
EndProject
Global
	GlobalSection(SolutionConfigurationPlatforms) = preSolution
		Debug|Any CPU = Debug|Any CPU
		Release|Any CPU = Release|Any CPU
	EndGlobalSection
	GlobalSection(ProjectConfigurationPlatforms) = postSolution
		{B0CB6F85-4B53-42C0-B4B5-12AC6347FD21}.Debug|Any CPU.ActiveCfg = Debug|Any CPU
		{B0CB6F85-4B53-42C0-B4B5-12AC6347FD21}.Debug|Any CPU.Build.0 = Debug|Any CPU
		{B0CB6F85-4B53-42C0-B4B5-12AC6347FD21}.Release|Any CPU.ActiveCfg = Release|Any CPU
		{B0CB6F85-4B53-42C0-B4B5-12AC6347FD21}.Release|Any CPU.Build.0 = Release|Any CPU
	EndGlobalSection
	GlobalSection(SolutionProperties) = preSolution
		HideSolutionNode = FALSE
	EndGlobalSection
	GlobalSection(ExtensibilityGlobals) = postSolution
		SolutionGuid = {F8A08E8E-26AF-429A-813D-E7CA8D563391}
	EndGlobalSection
EndGlobal
